
Microsoft Visual Studio Solution File, Format Version 12.00
# Visual Studio Version 16
VisualStudioVersion = 16.0.31729.503
MinimumVisualStudioVersion = 10.0.40219.1
Project("{FAE04EC0-301F-11D3-BF4B-00C04F79EFBC}") = "Lesson5-task05", "Lesson5-task05\Lesson5-task05.csproj", "{FBE29F4D-938B-452C-AA6C-4D9E40BF78D8}"
EndProject
Global
	GlobalSection(SolutionConfigurationPlatforms) = preSolution
		Debug|Any CPU = Debug|Any CPU
		Release|Any CPU = Release|Any CPU
	EndGlobalSection
	GlobalSection(ProjectConfigurationPlatforms) = postSolution
		{FBE29F4D-938B-452C-AA6C-4D9E40BF78D8}.Debug|Any CPU.ActiveCfg = Debug|Any CPU
		{FBE29F4D-938B-452C-AA6C-4D9E40BF78D8}.Debug|Any CPU.Build.0 = Debug|Any CPU
		{FBE29F4D-938B-452C-AA6C-4D9E40BF78D8}.Release|Any CPU.ActiveCfg = Release|Any CPU
		{FBE29F4D-938B-452C-AA6C-4D9E40BF78D8}.Release|Any CPU.Build.0 = Release|Any CPU
	EndGlobalSection
	GlobalSection(SolutionProperties) = preSolution
		HideSolutionNode = FALSE
	EndGlobalSection
	GlobalSection(ExtensibilityGlobals) = postSolution
		SolutionGuid = {EB8067BA-51A8-4F18-BA85-77D3A250740C}
	EndGlobalSection
EndGlobal
