
Microsoft Visual Studio Solution File, Format Version 12.00
# Visual Studio Version 16
VisualStudioVersion = 16.0.31729.503
MinimumVisualStudioVersion = 10.0.40219.1
Project("{FAE04EC0-301F-11D3-BF4B-00C04F79EFBC}") = "Lesson5-task03", "Lesson5-task03\Lesson5-task03.csproj", "{86AF34A7-7BE9-494B-B582-677C57D3B558}"
EndProject
Global
	GlobalSection(SolutionConfigurationPlatforms) = preSolution
		Debug|Any CPU = Debug|Any CPU
		Release|Any CPU = Release|Any CPU
	EndGlobalSection
	GlobalSection(ProjectConfigurationPlatforms) = postSolution
		{86AF34A7-7BE9-494B-B582-677C57D3B558}.Debug|Any CPU.ActiveCfg = Debug|Any CPU
		{86AF34A7-7BE9-494B-B582-677C57D3B558}.Debug|Any CPU.Build.0 = Debug|Any CPU
		{86AF34A7-7BE9-494B-B582-677C57D3B558}.Release|Any CPU.ActiveCfg = Release|Any CPU
		{86AF34A7-7BE9-494B-B582-677C57D3B558}.Release|Any CPU.Build.0 = Release|Any CPU
	EndGlobalSection
	GlobalSection(SolutionProperties) = preSolution
		HideSolutionNode = FALSE
	EndGlobalSection
	GlobalSection(ExtensibilityGlobals) = postSolution
		SolutionGuid = {75197B59-C882-445A-8A41-3ACC6EB38D9B}
	EndGlobalSection
EndGlobal
