
Microsoft Visual Studio Solution File, Format Version 12.00
# Visual Studio Version 16
VisualStudioVersion = 16.0.31729.503
MinimumVisualStudioVersion = 10.0.40219.1
Project("{FAE04EC0-301F-11D3-BF4B-00C04F79EFBC}") = "Lesson5_task01", "Lesson5_task01\Lesson5_task01.csproj", "{20A49AEE-7F16-4E2E-B3AC-F5318C38CF57}"
EndProject
Global
	GlobalSection(SolutionConfigurationPlatforms) = preSolution
		Debug|Any CPU = Debug|Any CPU
		Release|Any CPU = Release|Any CPU
	EndGlobalSection
	GlobalSection(ProjectConfigurationPlatforms) = postSolution
		{20A49AEE-7F16-4E2E-B3AC-F5318C38CF57}.Debug|Any CPU.ActiveCfg = Debug|Any CPU
		{20A49AEE-7F16-4E2E-B3AC-F5318C38CF57}.Debug|Any CPU.Build.0 = Debug|Any CPU
		{20A49AEE-7F16-4E2E-B3AC-F5318C38CF57}.Release|Any CPU.ActiveCfg = Release|Any CPU
		{20A49AEE-7F16-4E2E-B3AC-F5318C38CF57}.Release|Any CPU.Build.0 = Release|Any CPU
	EndGlobalSection
	GlobalSection(SolutionProperties) = preSolution
		HideSolutionNode = FALSE
	EndGlobalSection
	GlobalSection(ExtensibilityGlobals) = postSolution
		SolutionGuid = {4A45D82A-491E-417C-A8C0-C9264494D040}
	EndGlobalSection
EndGlobal
